
Microsoft Visual Studio Solution File, Format Version 11.00
# Visual Studio 2010
Project("{FAE04EC0-301F-11D3-BF4B-00C04F79EFBC}") = "WCFTest.Service", "WCFTest.Service\WCFTest.Service.csproj", "{F56EEBDE-FD0A-4F7B-93BC-8D8BB46028C5}"
EndProject
Project("{FAE04EC0-301F-11D3-BF4B-00C04F79EFBC}") = "WCFTest.Model", "WCFTest.Model\WCFTest.Model.csproj", "{3353B68D-A3D4-4B11-92EC-A5C48E45BA30}"
EndProject
Project("{FAE04EC0-301F-11D3-BF4B-00C04F79EFBC}") = "WCFTest.Web", "WCFTest.Web\WCFTest.Web.csproj", "{1796D9F9-400C-4626-A785-D8515AFB84A2}"
EndProject
Global
	GlobalSection(SolutionConfigurationPlatforms) = preSolution
		Debug|Any CPU = Debug|Any CPU
		Release|Any CPU = Release|Any CPU
	EndGlobalSection
	GlobalSection(ProjectConfigurationPlatforms) = postSolution
		{F56EEBDE-FD0A-4F7B-93BC-8D8BB46028C5}.Debug|Any CPU.ActiveCfg = Debug|Any CPU
		{F56EEBDE-FD0A-4F7B-93BC-8D8BB46028C5}.Debug|Any CPU.Build.0 = Debug|Any CPU
		{F56EEBDE-FD0A-4F7B-93BC-8D8BB46028C5}.Release|Any CPU.ActiveCfg = Release|Any CPU
		{F56EEBDE-FD0A-4F7B-93BC-8D8BB46028C5}.Release|Any CPU.Build.0 = Release|Any CPU
		{3353B68D-A3D4-4B11-92EC-A5C48E45BA30}.Debug|Any CPU.ActiveCfg = Debug|Any CPU
		{3353B68D-A3D4-4B11-92EC-A5C48E45BA30}.Debug|Any CPU.Build.0 = Debug|Any CPU
		{3353B68D-A3D4-4B11-92EC-A5C48E45BA30}.Release|Any CPU.ActiveCfg = Release|Any CPU
		{3353B68D-A3D4-4B11-92EC-A5C48E45BA30}.Release|Any CPU.Build.0 = Release|Any CPU
		{1796D9F9-400C-4626-A785-D8515AFB84A2}.Debug|Any CPU.ActiveCfg = Debug|Any CPU
		{1796D9F9-400C-4626-A785-D8515AFB84A2}.Debug|Any CPU.Build.0 = Debug|Any CPU
		{1796D9F9-400C-4626-A785-D8515AFB84A2}.Release|Any CPU.ActiveCfg = Release|Any CPU
		{1796D9F9-400C-4626-A785-D8515AFB84A2}.Release|Any CPU.Build.0 = Release|Any CPU
	EndGlobalSection
	GlobalSection(SolutionProperties) = preSolution
		HideSolutionNode = FALSE
	EndGlobalSection
EndGlobal
